
Microsoft Visual Studio Solution File, Format Version 12.00
# Visual Studio 15
VisualStudioVersion = 15.0.28307.438
MinimumVisualStudioVersion = 10.0.40219.1
Project("{FAE04EC0-301F-11D3-BF4B-00C04F79EFBC}") = "BGTechTest.Web.API", "BGTechTest.Web.API\BGTechTest.Web.API.csproj", "{95933F4F-A4BA-4ACA-A12A-5AAC25722627}"
EndProject
Project("{FAE04EC0-301F-11D3-BF4B-00C04F79EFBC}") = "BGTechTest.WebAPI.Tests", "BGTechTest.WebAPI.Tests\BGTechTest.WebAPI.Tests.csproj", "{A26111B4-4405-4FB5-BA89-1C351EB4DCBC}"
EndProject
Global
	GlobalSection(SolutionConfigurationPlatforms) = preSolution
		Debug|Any CPU = Debug|Any CPU
		Release|Any CPU = Release|Any CPU
	EndGlobalSection
	GlobalSection(ProjectConfigurationPlatforms) = postSolution
		{95933F4F-A4BA-4ACA-A12A-5AAC25722627}.Debug|Any CPU.ActiveCfg = Debug|Any CPU
		{95933F4F-A4BA-4ACA-A12A-5AAC25722627}.Debug|Any CPU.Build.0 = Debug|Any CPU
		{95933F4F-A4BA-4ACA-A12A-5AAC25722627}.Release|Any CPU.ActiveCfg = Release|Any CPU
		{95933F4F-A4BA-4ACA-A12A-5AAC25722627}.Release|Any CPU.Build.0 = Release|Any CPU
		{A26111B4-4405-4FB5-BA89-1C351EB4DCBC}.Debug|Any CPU.ActiveCfg = Debug|Any CPU
		{A26111B4-4405-4FB5-BA89-1C351EB4DCBC}.Debug|Any CPU.Build.0 = Debug|Any CPU
		{A26111B4-4405-4FB5-BA89-1C351EB4DCBC}.Release|Any CPU.ActiveCfg = Release|Any CPU
		{A26111B4-4405-4FB5-BA89-1C351EB4DCBC}.Release|Any CPU.Build.0 = Release|Any CPU
	EndGlobalSection
	GlobalSection(SolutionProperties) = preSolution
		HideSolutionNode = FALSE
	EndGlobalSection
	GlobalSection(ExtensibilityGlobals) = postSolution
		SolutionGuid = {B166F458-4B11-43E8-996F-89A05049A03C}
	EndGlobalSection
EndGlobal
